
Microsoft Visual Studio Solution File, Format Version 12.00
# Visual Studio Version 17
VisualStudioVersion = 17.3.32825.248
MinimumVisualStudioVersion = 10.0.40219.1
Project("{FAE04EC0-301F-11D3-BF4B-00C04F79EFBC}") = "HotDesk", "HotDesk.csproj", "{366AF3A4-0E8A-4B0E-B63F-E9827B5E6167}"
EndProject
Global
	GlobalSection(SolutionConfigurationPlatforms) = preSolution
		Debug|Any CPU = Debug|Any CPU
		Release|Any CPU = Release|Any CPU
	EndGlobalSection
	GlobalSection(ProjectConfigurationPlatforms) = postSolution
		{366AF3A4-0E8A-4B0E-B63F-E9827B5E6167}.Debug|Any CPU.ActiveCfg = Debug|Any CPU
		{366AF3A4-0E8A-4B0E-B63F-E9827B5E6167}.Debug|Any CPU.Build.0 = Debug|Any CPU
		{366AF3A4-0E8A-4B0E-B63F-E9827B5E6167}.Release|Any CPU.ActiveCfg = Release|Any CPU
		{366AF3A4-0E8A-4B0E-B63F-E9827B5E6167}.Release|Any CPU.Build.0 = Release|Any CPU
	EndGlobalSection
	GlobalSection(SolutionProperties) = preSolution
		HideSolutionNode = FALSE
	EndGlobalSection
	GlobalSection(ExtensibilityGlobals) = postSolution
		SolutionGuid = {31448E58-DCB9-4820-A973-CF721904DF4F}
	EndGlobalSection
EndGlobal
